{
  "name": "ivtools",
  "version": "1.0.0",
  "lockfileVersion": 3,
  "requires": true,
  "packages": {
    "": {
      "name": "ivtools",
      "version": "1.0.0",
      "license": "MIT",
      "workspaces": [
        "./packages/*"
      ]
    },
    "node_modules/@ivtools/result": {
      "resolved": "packages/result",
      "link": true
    },
    "node_modules/@ivtools/validation": {
      "resolved": "packages/validation",
      "link": true
    },
    "packages/pack2": {
      "version": "1.0.0",
      "extraneous": true,
      "license": "MIT"
    },
    "packages/result": {
      "name": "@ivtools/result",
      "version": "1.0.1",
      "license": "MIT"
    },
    "packages/validation": {
      "version": "1.0.0",
      "license": "MIT"
    }
  }
}
